
Microsoft Visual Studio Solution File, Format Version 12.00
# Visual Studio 15
VisualStudioVersion = 15.0.28010.2003
MinimumVisualStudioVersion = 10.0.40219.1
Project("{FAE04EC0-301F-11D3-BF4B-00C04F79EFBC}") = "RedditDesktop", "RedditDesktop\RedditDesktop.csproj", "{06991DE2-D6F6-4CAE-96EE-392DEF24EE1D}"
EndProject
Global
	GlobalSection(SolutionConfigurationPlatforms) = preSolution
		Debug|Any CPU = Debug|Any CPU
		Release|Any CPU = Release|Any CPU
	EndGlobalSection
	GlobalSection(ProjectConfigurationPlatforms) = postSolution
		{06991DE2-D6F6-4CAE-96EE-392DEF24EE1D}.Debug|Any CPU.ActiveCfg = Debug|Any CPU
		{06991DE2-D6F6-4CAE-96EE-392DEF24EE1D}.Debug|Any CPU.Build.0 = Debug|Any CPU
		{06991DE2-D6F6-4CAE-96EE-392DEF24EE1D}.Release|Any CPU.ActiveCfg = Release|Any CPU
		{06991DE2-D6F6-4CAE-96EE-392DEF24EE1D}.Release|Any CPU.Build.0 = Release|Any CPU
	EndGlobalSection
	GlobalSection(SolutionProperties) = preSolution
		HideSolutionNode = FALSE
	EndGlobalSection
	GlobalSection(ExtensibilityGlobals) = postSolution
		SolutionGuid = {A94B4B24-3433-4E9C-8A6D-2743106546C9}
	EndGlobalSection
EndGlobal
